<?xml version="1.0" encoding="utf-8"?>
<Project ToolsVersion="4.0" xmlns="http://schemas.microsoft.com/developer/msbuild/2003">
  <ItemGroup>
    <ClCompile Include="main.cpp" />
    <ClCompile Include="SmallCarGPIO.cpp" />
    <ClCompile Include="SmallCarServer.cpp" />
  </ItemGroup>
  <ItemGroup>
    <ClInclude Include="SmallCarGPIO.h" />
    <ClInclude Include="SmallCarServer.h" />
  </ItemGroup>
  <ItemGroup>
    <Filter Include="Resources">
      <UniqueIdentifier>{db47c3a6-1e1e-4a47-9151-e4a367e13f40}</UniqueIdentifier>
    </Filter>
  </ItemGroup>
  <ItemGroup>
    <None Include="res\canvasjs.min.js">
      <Filter>Resources</Filter>
    </None>
    <None Include="res\index.html">
      <Filter>Resources</Filter>
    </None>
  </ItemGroup>
  <ItemGroup>
    <Image Include="res\favicon.ico">
      <Filter>Resources</Filter>
    </Image>
  </ItemGroup>
</Project>